// !$*UTF8*$!
{
	archiveVersion = 1;
	classes = {
	};
	objectVersion = 46;
	objects = {

/* Begin PBXBuildFile section */
		116E8ADF1CC82AEE00A11E01 /* SettingsController.swift in Sources */ = {isa = PBXBuildFile; fileRef = 116E8ADE1CC82AEE00A11E01 /* SettingsController.swift */; };
		116E8AE11CC834FE00A11E01 /* UIColorExtension.swift in Sources */ = {isa = PBXBuildFile; fileRef = 116E8AE01CC834FE00A11E01 /* UIColorExtension.swift */; };
		116E8AE31CC8365A00A11E01 /* UserDefaults.swift in Sources */ = {isa = PBXBuildFile; fileRef = 116E8AE21CC8365A00A11E01 /* UserDefaults.swift */; };
		116E8B031CCA9CF100A11E01 /* NotificationCenter.framework in Frameworks */ = {isa = PBXBuildFile; fileRef = 116E8B021CCA9CF100A11E01 /* NotificationCenter.framework */; };
		116E8B061CCA9CF100A11E01 /* TodayViewController.swift in Sources */ = {isa = PBXBuildFile; fileRef = 116E8B051CCA9CF100A11E01 /* TodayViewController.swift */; };
		116E8B091CCA9CF100A11E01 /* MainInterface.storyboard in Resources */ = {isa = PBXBuildFile; fileRef = 116E8B071CCA9CF100A11E01 /* MainInterface.storyboard */; };
		116E8B0D1CCA9CF100A11E01 /* Clearry.appex in Embed App Extensions */ = {isa = PBXBuildFile; fileRef = 116E8B001CCA9CF100A11E01 /* Clearry.appex */; settings = {ATTRIBUTES = (RemoveHeadersOnCopy, ); }; };
		116E8B121CCB645900A11E01 /* UIColorExtension.swift in Sources */ = {isa = PBXBuildFile; fileRef = 116E8AE01CC834FE00A11E01 /* UIColorExtension.swift */; };
		11BB6ECA1CC7E79100A531A8 /* AppDelegate.swift in Sources */ = {isa = PBXBuildFile; fileRef = 11BB6EC91CC7E79100A531A8 /* AppDelegate.swift */; };
		11BB6ECC1CC7E79100A531A8 /* ViewController.swift in Sources */ = {isa = PBXBuildFile; fileRef = 11BB6ECB1CC7E79100A531A8 /* ViewController.swift */; };
		11BB6ECF1CC7E79100A531A8 /* Main.storyboard in Resources */ = {isa = PBXBuildFile; fileRef = 11BB6ECD1CC7E79100A531A8 /* Main.storyboard */; };
		11BB6ED11CC7E79100A531A8 /* Assets.xcassets in Resources */ = {isa = PBXBuildFile; fileRef = 11BB6ED01CC7E79100A531A8 /* Assets.xcassets */; };
		11BB6ED41CC7E79100A531A8 /* LaunchScreen.storyboard in Resources */ = {isa = PBXBuildFile; fileRef = 11BB6ED21CC7E79100A531A8 /* LaunchScreen.storyboard */; };
		11BB6EDC1CC7F66D00A531A8 /* UIImageExtension.swift in Sources */ = {isa = PBXBuildFile; fileRef = 11BB6EDB1CC7F66D00A531A8 /* UIImageExtension.swift */; };
/* End PBXBuildFile section */

/* Begin PBXContainerItemProxy section */
		116E8B0B1CCA9CF100A11E01 /* PBXContainerItemProxy */ = {
			isa = PBXContainerItemProxy;
			containerPortal = 11BB6EBE1CC7E79100A531A8 /* Project object */;
			proxyType = 1;
			remoteGlobalIDString = 116E8AFF1CCA9CF100A11E01;
			remoteInfo = TodayClearryExtension;
		};
/* End PBXContainerItemProxy section */

/* Begin PBXCopyFilesBuildPhase section */
		116E8B111CCA9CF100A11E01 /* Embed App Extensions */ = {
			isa = PBXCopyFilesBuildPhase;
			buildActionMask = 2147483647;
			dstPath = "";
			dstSubfolderSpec = 13;
			files = (
				116E8B0D1CCA9CF100A11E01 /* Clearry.appex in Embed App Extensions */,
			);
			name = "Embed App Extensions";
			runOnlyForDeploymentPostprocessing = 0;
		};
/* End PBXCopyFilesBuildPhase section */

/* Begin PBXFileReference section */
		116E8ADE1CC82AEE00A11E01 /* SettingsController.swift */ = {isa = PBXFileReference; fileEncoding = 4; lastKnownFileType = sourcecode.swift; path = SettingsController.swift; sourceTree = "<group>"; };
		116E8AE01CC834FE00A11E01 /* UIColorExtension.swift */ = {isa = PBXFileReference; fileEncoding = 4; lastKnownFileType = sourcecode.swift; path = UIColorExtension.swift; sourceTree = "<group>"; };
		116E8AE21CC8365A00A11E01 /* UserDefaults.swift */ = {isa = PBXFileReference; fileEncoding = 4; lastKnownFileType = sourcecode.swift; path = UserDefaults.swift; sourceTree = "<group>"; };
		116E8B001CCA9CF100A11E01 /* Clearry.appex */ = {isa = PBXFileReference; explicitFileType = "wrapper.app-extension"; includeInIndex = 0; path = Clearry.appex; sourceTree = BUILT_PRODUCTS_DIR; };
		116E8B021CCA9CF100A11E01 /* NotificationCenter.framework */ = {isa = PBXFileReference; lastKnownFileType = wrapper.framework; name = NotificationCenter.framework; path = System/Library/Frameworks/NotificationCenter.framework; sourceTree = SDKROOT; };
		116E8B051CCA9CF100A11E01 /* TodayViewController.swift */ = {isa = PBXFileReference; lastKnownFileType = sourcecode.swift; path = TodayViewController.swift; sourceTree = "<group>"; };
		116E8B081CCA9CF100A11E01 /* Base */ = {isa = PBXFileReference; lastKnownFileType = file.storyboard; name = Base; path = Base.lproj/MainInterface.storyboard; sourceTree = "<group>"; };
		116E8B0A1CCA9CF100A11E01 /* Info.plist */ = {isa = PBXFileReference; lastKnownFileType = text.plist.xml; path = Info.plist; sourceTree = "<group>"; };
		11BB6EC61CC7E79100A531A8 /* Clearry.app */ = {isa = PBXFileReference; explicitFileType = wrapper.application; includeInIndex = 0; path = Clearry.app; sourceTree = BUILT_PRODUCTS_DIR; };
		11BB6EC91CC7E79100A531A8 /* AppDelegate.swift */ = {isa = PBXFileReference; lastKnownFileType = sourcecode.swift; path = AppDelegate.swift; sourceTree = "<group>"; };
		11BB6ECB1CC7E79100A531A8 /* ViewController.swift */ = {isa = PBXFileReference; lastKnownFileType = sourcecode.swift; path = ViewController.swift; sourceTree = "<group>"; };
		11BB6ECE1CC7E79100A531A8 /* Base */ = {isa = PBXFileReference; lastKnownFileType = file.storyboard; name = Base; path = Base.lproj/Main.storyboard; sourceTree = "<group>"; };
		11BB6ED01CC7E79100A531A8 /* Assets.xcassets */ = {isa = PBXFileReference; lastKnownFileType = folder.assetcatalog; path = Assets.xcassets; sourceTree = "<group>"; };
		11BB6ED31CC7E79100A531A8 /* Base */ = {isa = PBXFileReference; lastKnownFileType = file.storyboard; name = Base; path = Base.lproj/LaunchScreen.storyboard; sourceTree = "<group>"; };
		11BB6ED51CC7E79100A531A8 /* Info.plist */ = {isa = PBXFileReference; lastKnownFileType = text.plist.xml; path = Info.plist; sourceTree = "<group>"; };
		11BB6EDB1CC7F66D00A531A8 /* UIImageExtension.swift */ = {isa = PBXFileReference; fileEncoding = 4; lastKnownFileType = sourcecode.swift; path = UIImageExtension.swift; sourceTree = "<group>"; };
/* End PBXFileReference section */

/* Begin PBXFrameworksBuildPhase section */
		116E8AFD1CCA9CF100A11E01 /* Frameworks */ = {
			isa = PBXFrameworksBuildPhase;
			buildActionMask = 2147483647;
			files = (
				116E8B031CCA9CF100A11E01 /* NotificationCenter.framework in Frameworks */,
			);
			runOnlyForDeploymentPostprocessing = 0;
		};
		11BB6EC31CC7E79100A531A8 /* Frameworks */ = {
			isa = PBXFrameworksBuildPhase;
			buildActionMask = 2147483647;
			files = (
			);
			runOnlyForDeploymentPostprocessing = 0;
		};
/* End PBXFrameworksBuildPhase section */

/* Begin PBXGroup section */
		116E8B011CCA9CF100A11E01 /* Frameworks */ = {
			isa = PBXGroup;
			children = (
				116E8B021CCA9CF100A11E01 /* NotificationCenter.framework */,
			);
			name = Frameworks;
			sourceTree = "<group>";
		};
		116E8B041CCA9CF100A11E01 /* TodayClearryExtension */ = {
			isa = PBXGroup;
			children = (
				116E8B051CCA9CF100A11E01 /* TodayViewController.swift */,
				116E8B071CCA9CF100A11E01 /* MainInterface.storyboard */,
				116E8B0A1CCA9CF100A11E01 /* Info.plist */,
			);
			path = TodayClearryExtension;
			sourceTree = "<group>";
		};
		11BB6EBD1CC7E79100A531A8 = {
			isa = PBXGroup;
			children = (
				11BB6EC81CC7E79100A531A8 /* Clearry */,
				116E8B041CCA9CF100A11E01 /* TodayClearryExtension */,
				116E8B011CCA9CF100A11E01 /* Frameworks */,
				11BB6EC71CC7E79100A531A8 /* Products */,
			);
			sourceTree = "<group>";
		};
		11BB6EC71CC7E79100A531A8 /* Products */ = {
			isa = PBXGroup;
			children = (
				11BB6EC61CC7E79100A531A8 /* Clearry.app */,
				116E8B001CCA9CF100A11E01 /* Clearry.appex */,
			);
			name = Products;
			sourceTree = "<group>";
		};
		11BB6EC81CC7E79100A531A8 /* Clearry */ = {
			isa = PBXGroup;
			children = (
				11BB6EC91CC7E79100A531A8 /* AppDelegate.swift */,
				11BB6ECB1CC7E79100A531A8 /* ViewController.swift */,
				116E8ADE1CC82AEE00A11E01 /* SettingsController.swift */,
				11BB6EDB1CC7F66D00A531A8 /* UIImageExtension.swift */,
				116E8AE01CC834FE00A11E01 /* UIColorExtension.swift */,
				116E8AE21CC8365A00A11E01 /* UserDefaults.swift */,
				11BB6ECD1CC7E79100A531A8 /* Main.storyboard */,
				11BB6ED01CC7E79100A531A8 /* Assets.xcassets */,
				11BB6ED21CC7E79100A531A8 /* LaunchScreen.storyboard */,
				11BB6ED51CC7E79100A531A8 /* Info.plist */,
			);
			path = Clearry;
			sourceTree = "<group>";
		};
/* End PBXGroup section */

/* Begin PBXNativeTarget section */
		116E8AFF1CCA9CF100A11E01 /* TodayClearryExtension */ = {
			isa = PBXNativeTarget;
			buildConfigurationList = 116E8B0E1CCA9CF100A11E01 /* Build configuration list for PBXNativeTarget "TodayClearryExtension" */;
			buildPhases = (
				116E8AFC1CCA9CF100A11E01 /* Sources */,
				116E8AFD1CCA9CF100A11E01 /* Frameworks */,
				116E8AFE1CCA9CF100A11E01 /* Resources */,
			);
			buildRules = (
			);
			dependencies = (
			);
			name = TodayClearryExtension;
			productName = TodayClearryExtension;
			productReference = 116E8B001CCA9CF100A11E01 /* Clearry.appex */;
			productType = "com.apple.product-type.app-extension";
		};
		11BB6EC51CC7E79100A531A8 /* Clearry */ = {
			isa = PBXNativeTarget;
			buildConfigurationList = 11BB6ED81CC7E79100A531A8 /* Build configuration list for PBXNativeTarget "Clearry" */;
			buildPhases = (
				11BB6EC21CC7E79100A531A8 /* Sources */,
				11BB6EC31CC7E79100A531A8 /* Frameworks */,
				11BB6EC41CC7E79100A531A8 /* Resources */,
				116E8B111CCA9CF100A11E01 /* Embed App Extensions */,
			);
			buildRules = (
			);
			dependencies = (
				116E8B0C1CCA9CF100A11E01 /* PBXTargetDependency */,
			);
			name = Clearry;
			productName = Clearry;
			productReference = 11BB6EC61CC7E79100A531A8 /* Clearry.app */;
			productType = "com.apple.product-type.application";
		};
/* End PBXNativeTarget section */

/* Begin PBXProject section */
		11BB6EBE1CC7E79100A531A8 /* Project object */ = {
			isa = PBXProject;
			attributes = {
				LastSwiftUpdateCheck = 0730;
				LastUpgradeCheck = 0730;
				ORGANIZATIONNAME = dvor;
				TargetAttributes = {
					116E8AFF1CCA9CF100A11E01 = {
						CreatedOnToolsVersion = 7.3;
						DevelopmentTeam = NHVF8NSG3J;
						SystemCapabilities = {
							com.apple.ApplicationGroups.iOS = {
								enabled = 0;
							};
						};
					};
					11BB6EC51CC7E79100A531A8 = {
						CreatedOnToolsVersion = 7.3;
						DevelopmentTeam = NHVF8NSG3J;
						SystemCapabilities = {
							com.apple.ApplicationGroups.iOS = {
								enabled = 0;
							};
						};
					};
				};
			};
			buildConfigurationList = 11BB6EC11CC7E79100A531A8 /* Build configuration list for PBXProject "Clearry" */;
			compatibilityVersion = "Xcode 3.2";
			developmentRegion = English;
			hasScannedForEncodings = 0;
			knownRegions = (
				en,
				Base,
			);
			mainGroup = 11BB6EBD1CC7E79100A531A8;
			productRefGroup = 11BB6EC71CC7E79100A531A8 /* Products */;
			projectDirPath = "";
			projectRoot = "";
			targets = (
				11BB6EC51CC7E79100A531A8 /* Clearry */,
				116E8AFF1CCA9CF100A11E01 /* TodayClearryExtension */,
			);
		};
/* End PBXProject section */

/* Begin PBXResourcesBuildPhase section */
		116E8AFE1CCA9CF100A11E01 /* Resources */ = {
			isa = PBXResourcesBuildPhase;
			buildActionMask = 2147483647;
			files = (
				116E8B091CCA9CF100A11E01 /* MainInterface.storyboard in Resources */,
			);
			runOnlyForDeploymentPostprocessing = 0;
		};
		11BB6EC41CC7E79100A531A8 /* Resources */ = {
			isa = PBXResourcesBuildPhase;
			buildActionMask = 2147483647;
			files = (
				11BB6ED41CC7E79100A531A8 /* LaunchScreen.storyboard in Resources */,
				11BB6ED11CC7E79100A531A8 /* Assets.xcassets in Resources */,
				11BB6ECF1CC7E79100A531A8 /* Main.storyboard in Resources */,
			);
			runOnlyForDeploymentPostprocessing = 0;
		};
/* End PBXResourcesBuildPhase section */

/* Begin PBXSourcesBuildPhase section */
		116E8AFC1CCA9CF100A11E01 /* Sources */ = {
			isa = PBXSourcesBuildPhase;
			buildActionMask = 2147483647;
			files = (
				116E8B061CCA9CF100A11E01 /* TodayViewController.swift in Sources */,
				116E8B121CCB645900A11E01 /* UIColorExtension.swift in Sources */,
			);
			runOnlyForDeploymentPostprocessing = 0;
		};
		11BB6EC21CC7E79100A531A8 /* Sources */ = {
			isa = PBXSourcesBuildPhase;
			buildActionMask = 2147483647;
			files = (
				116E8ADF1CC82AEE00A11E01 /* SettingsController.swift in Sources */,
				11BB6ECC1CC7E79100A531A8 /* ViewController.swift in Sources */,
				116E8AE31CC8365A00A11E01 /* UserDefaults.swift in Sources */,
				116E8AE11CC834FE00A11E01 /* UIColorExtension.swift in Sources */,
				11BB6ECA1CC7E79100A531A8 /* AppDelegate.swift in Sources */,
				11BB6EDC1CC7F66D00A531A8 /* UIImageExtension.swift in Sources */,
			);
			runOnlyForDeploymentPostprocessing = 0;
		};
/* End PBXSourcesBuildPhase section */

/* Begin PBXTargetDependency section */
		116E8B0C1CCA9CF100A11E01 /* PBXTargetDependency */ = {
			isa = PBXTargetDependency;
			target = 116E8AFF1CCA9CF100A11E01 /* TodayClearryExtension */;
			targetProxy = 116E8B0B1CCA9CF100A11E01 /* PBXContainerItemProxy */;
		};
/* End PBXTargetDependency section */

/* Begin PBXVariantGroup section */
		116E8B071CCA9CF100A11E01 /* MainInterface.storyboard */ = {
			isa = PBXVariantGroup;
			children = (
				116E8B081CCA9CF100A11E01 /* Base */,
			);
			name = MainInterface.storyboard;
			sourceTree = "<group>";
		};
		11BB6ECD1CC7E79100A531A8 /* Main.storyboard */ = {
			isa = PBXVariantGroup;
			children = (
				11BB6ECE1CC7E79100A531A8 /* Base */,
			);
			name = Main.storyboard;
			sourceTree = "<group>";
		};
		11BB6ED21CC7E79100A531A8 /* LaunchScreen.storyboard */ = {
			isa = PBXVariantGroup;
			children = (
				11BB6ED31CC7E79100A531A8 /* Base */,
			);
			name = LaunchScreen.storyboard;
			sourceTree = "<group>";
		};
/* End PBXVariantGroup section */

/* Begin XCBuildConfiguration section */
		116E8B0F1CCA9CF100A11E01 /* Debug */ = {
			isa = XCBuildConfiguration;
			buildSettings = {
				CODE_SIGN_ENTITLEMENTS = "";
				CODE_SIGN_IDENTITY = "iPhone Developer";
				INFOPLIST_FILE = TodayClearryExtension/Info.plist;
				IPHONEOS_DEPLOYMENT_TARGET = 8.0;
				LD_RUNPATH_SEARCH_PATHS = "$(inherited) @executable_path/Frameworks @executable_path/../../Frameworks";
				PRODUCT_BUNDLE_IDENTIFIER = me.dvor.Clearry.TodayClearryExtension;
				PRODUCT_NAME = Clearry;
				SKIP_INSTALL = YES;
			};
			name = Debug;
		};
		116E8B101CCA9CF100A11E01 /* Release */ = {
			isa = XCBuildConfiguration;
			buildSettings = {
				CODE_SIGN_ENTITLEMENTS = "";
				CODE_SIGN_IDENTITY = "iPhone Developer";
				INFOPLIST_FILE = TodayClearryExtension/Info.plist;
				IPHONEOS_DEPLOYMENT_TARGET = 8.0;
				LD_RUNPATH_SEARCH_PATHS = "$(inherited) @executable_path/Frameworks @executable_path/../../Frameworks";
				PRODUCT_BUNDLE_IDENTIFIER = me.dvor.Clearry.TodayClearryExtension;
				PRODUCT_NAME = Clearry;
				SKIP_INSTALL = YES;
			};
			name = Release;
		};
		11BB6ED61CC7E79100A531A8 /* Debug */ = {
			isa = XCBuildConfiguration;
			buildSettings = {
				ALWAYS_SEARCH_USER_PATHS = NO;
				CLANG_ANALYZER_NONNULL = YES;
				CLANG_CXX_LANGUAGE_STANDARD = "gnu++0x";
				CLANG_CXX_LIBRARY = "libc++";
				CLANG_ENABLE_MODULES = YES;
				CLANG_ENABLE_OBJC_ARC = YES;
				CLANG_WARN_BOOL_CONVERSION = YES;
				CLANG_WARN_CONSTANT_CONVERSION = YES;
				CLANG_WARN_DIRECT_OBJC_ISA_USAGE = YES_ERROR;
				CLANG_WARN_EMPTY_BODY = YES;
				CLANG_WARN_ENUM_CONVERSION = YES;
				CLANG_WARN_INT_CONVERSION = YES;
				CLANG_WARN_OBJC_ROOT_CLASS = YES_ERROR;
				CLANG_WARN_UNREACHABLE_CODE = YES;
				CLANG_WARN__DUPLICATE_METHOD_MATCH = YES;
				"CODE_SIGN_IDENTITY[sdk=iphoneos*]" = "iPhone Developer";
				COPY_PHASE_STRIP = NO;
				DEBUG_INFORMATION_FORMAT = dwarf;
				ENABLE_STRICT_OBJC_MSGSEND = YES;
				ENABLE_TESTABILITY = YES;
				GCC_C_LANGUAGE_STANDARD = gnu99;
				GCC_DYNAMIC_NO_PIC = NO;
				GCC_NO_COMMON_BLOCKS = YES;
				GCC_OPTIMIZATION_LEVEL = 0;
				GCC_PREPROCESSOR_DEFINITIONS = (
					"DEBUG=1",
					"$(inherited)",
				);
				GCC_WARN_64_TO_32_BIT_CONVERSION = YES;
				GCC_WARN_ABOUT_RETURN_TYPE = YES_ERROR;
				GCC_WARN_UNDECLARED_SELECTOR = YES;
				GCC_WARN_UNINITIALIZED_AUTOS = YES_AGGRESSIVE;
				GCC_WARN_UNUSED_FUNCTION = YES;
				GCC_WARN_UNUSED_VARIABLE = YES;
				IPHONEOS_DEPLOYMENT_TARGET = 9.3;
				MTL_ENABLE_DEBUG_INFO = YES;
				ONLY_ACTIVE_ARCH = YES;
				SDKROOT = iphoneos;
				SWIFT_OPTIMIZATION_LEVEL = "-Onone";
				TARGETED_DEVICE_FAMILY = "1,2";
			};
			name = Debug;
		};
		11BB6ED71CC7E79100A531A8 /* Release */ = {
			isa = XCBuildConfiguration;
			buildSettings = {
				ALWAYS_SEARCH_USER_PATHS = NO;
				CLANG_ANALYZER_NONNULL = YES;
				CLANG_CXX_LANGUAGE_STANDARD = "gnu++0x";
				CLANG_CXX_LIBRARY = "libc++";
				CLANG_ENABLE_MODULES = YES;
				CLANG_ENABLE_OBJC_ARC = YES;
				CLANG_WARN_BOOL_CONVERSION = YES;
				CLANG_WARN_CONSTANT_CONVERSION = YES;
				CLANG_WARN_DIRECT_OBJC_ISA_USAGE = YES_ERROR;
				CLANG_WARN_EMPTY_BODY = YES;
				CLANG_WARN_ENUM_CONVERSION = YES;
				CLANG_WARN_INT_CONVERSION = YES;
				CLANG_WARN_OBJC_ROOT_CLASS = YES_ERROR;
				CLANG_WARN_UNREACHABLE_CODE = YES;
				CLANG_WARN__DUPLICATE_METHOD_MATCH = YES;
				"CODE_SIGN_IDENTITY[sdk=iphoneos*]" = "iPhone Developer";
				COPY_PHASE_STRIP = NO;
				DEBUG_INFORMATION_FORMAT = "dwarf-with-dsym";
				ENABLE_NS_ASSERTIONS = NO;
				ENABLE_STRICT_OBJC_MSGSEND = YES;
				GCC_C_LANGUAGE_STANDARD = gnu99;
				GCC_NO_COMMON_BLOCKS = YES;
				GCC_WARN_64_TO_32_BIT_CONVERSION = YES;
				GCC_WARN_ABOUT_RETURN_TYPE = YES_ERROR;
				GCC_WARN_UNDECLARED_SELECTOR = YES;
				GCC_WARN_UNINITIALIZED_AUTOS = YES_AGGRESSIVE;
				GCC_WARN_UNUSED_FUNCTION = YES;
				GCC_WARN_UNUSED_VARIABLE = YES;
				IPHONEOS_DEPLOYMENT_TARGET = 9.3;
				MTL_ENABLE_DEBUG_INFO = NO;
				SDKROOT = iphoneos;
				TARGETED_DEVICE_FAMILY = "1,2";
				VALIDATE_PRODUCT = YES;
			};
			name = Release;
		};
		11BB6ED91CC7E79100A531A8 /* Debug */ = {
			isa = XCBuildConfiguration;
			buildSettings = {
				ASSETCATALOG_COMPILER_APPICON_NAME = AppIcon;
				CODE_SIGN_ENTITLEMENTS = "";
				CODE_SIGN_IDENTITY = "iPhone Developer";
				EMBEDDED_CONTENT_CONTAINS_SWIFT = YES;
				INFOPLIST_FILE = Clearry/Info.plist;
				IPHONEOS_DEPLOYMENT_TARGET = 8.0;
				LD_RUNPATH_SEARCH_PATHS = "$(inherited) @executable_path/Frameworks";
				PRODUCT_BUNDLE_IDENTIFIER = me.dvor.Clearry;
				PRODUCT_NAME = "$(TARGET_NAME)";
				TARGETED_DEVICE_FAMILY = "1,2";
			};
			name = Debug;
		};
		11BB6EDA1CC7E79100A531A8 /* Release */ = {
			isa = XCBuildConfiguration;
			buildSettings = {
				ASSETCATALOG_COMPILER_APPICON_NAME = AppIcon;
				CODE_SIGN_ENTITLEMENTS = "";
				CODE_SIGN_IDENTITY = "iPhone Developer";
				EMBEDDED_CONTENT_CONTAINS_SWIFT = YES;
				INFOPLIST_FILE = Clearry/Info.plist;
				IPHONEOS_DEPLOYMENT_TARGET = 8.0;
				LD_RUNPATH_SEARCH_PATHS = "$(inherited) @executable_path/Frameworks";
				PRODUCT_BUNDLE_IDENTIFIER = me.dvor.Clearry;
				PRODUCT_NAME = "$(TARGET_NAME)";
				TARGETED_DEVICE_FAMILY = "1,2";
			};
			name = Release;
		};
/* End XCBuildConfiguration section */

/* Begin XCConfigurationList section */
		116E8B0E1CCA9CF100A11E01 /* Build configuration list for PBXNativeTarget "TodayClearryExtension" */ = {
			isa = XCConfigurationList;
			buildConfigurations = (
				116E8B0F1CCA9CF100A11E01 /* Debug */,
				116E8B101CCA9CF100A11E01 /* Release */,
			);
			defaultConfigurationIsVisible = 0;
			defaultConfigurationName = Release;
		};
		11BB6EC11CC7E79100A531A8 /* Build configuration list for PBXProject "Clearry" */ = {
			isa = XCConfigurationList;
			buildConfigurations = (
				11BB6ED61CC7E79100A531A8 /* Debug */,
				11BB6ED71CC7E79100A531A8 /* Release */,
			);
			defaultConfigurationIsVisible = 0;
			defaultConfigurationName = Release;
		};
		11BB6ED81CC7E79100A531A8 /* Build configuration list for PBXNativeTarget "Clearry" */ = {
			isa = XCConfigurationList;
			buildConfigurations = (
				11BB6ED91CC7E79100A531A8 /* Debug */,
				11BB6EDA1CC7E79100A531A8 /* Release */,
			);
			defaultConfigurationIsVisible = 0;
			defaultConfigurationName = Release;
		};
/* End XCConfigurationList section */
	};
	rootObject = 11BB6EBE1CC7E79100A531A8 /* Project object */;
}
